// !$*UTF8*$!
{
	archiveVersion = 1;
	classes = {
	};
	objectVersion = 46;
	objects = {

/* Begin PBXBuildFile section */
		8108E0511C05D74C00040DBE /* Default-568h@2x.png in Resources */ = {isa = PBXBuildFile; fileRef = 8108E04E1C05D74C00040DBE /* Default-568h@2x.png */; };
		8108E0521C05D74C00040DBE /* Default-667h@2x.png in Resources */ = {isa = PBXBuildFile; fileRef = 8108E04F1C05D74C00040DBE /* Default-667h@2x.png */; };
		8108E0531C05D74C00040DBE /* Default-736h@3x.png in Resources */ = {isa = PBXBuildFile; fileRef = 8108E0501C05D74C00040DBE /* Default-736h@3x.png */; };
		812600171BEA169D008775F9 /* DMSideScrollView.m in Sources */ = {isa = PBXBuildFile; fileRef = 812600161BEA169D008775F9 /* DMSideScrollView.m */; };
		812600291BEA1EC2008775F9 /* sample.mp3 in Resources */ = {isa = PBXBuildFile; fileRef = 812600281BEA1EC2008775F9 /* sample.mp3 */; };
		8126002B1BEA1F4B008775F9 /* AVFoundation.framework in Frameworks */ = {isa = PBXBuildFile; fileRef = 8126002A1BEA1F4B008775F9 /* AVFoundation.framework */; };
		812DD3991C7023DA00EA9EB9 /* AlbumViewController.m in Sources */ = {isa = PBXBuildFile; fileRef = 812DD3981C7023DA00EA9EB9 /* AlbumViewController.m */; };
		812DD39D1C7086FE00EA9EB9 /* menuscreen.png in Resources */ = {isa = PBXBuildFile; fileRef = 812DD39C1C7086FE00EA9EB9 /* menuscreen.png */; };
		812DD3B41C74B49A00EA9EB9 /* Tutorial0.png in Resources */ = {isa = PBXBuildFile; fileRef = 812DD3AF1C74B49A00EA9EB9 /* Tutorial0.png */; };
		812DD3B51C74B49A00EA9EB9 /* Tutorial1.png in Resources */ = {isa = PBXBuildFile; fileRef = 812DD3B01C74B49A00EA9EB9 /* Tutorial1.png */; };
		812DD3B61C74B49A00EA9EB9 /* Tutorial2.png in Resources */ = {isa = PBXBuildFile; fileRef = 812DD3B11C74B49A00EA9EB9 /* Tutorial2.png */; };
		812DD3B71C74B49A00EA9EB9 /* Tutorial3.png in Resources */ = {isa = PBXBuildFile; fileRef = 812DD3B21C74B49A00EA9EB9 /* Tutorial3.png */; };
		812DD3B81C74B49A00EA9EB9 /* Tutorial4.png in Resources */ = {isa = PBXBuildFile; fileRef = 812DD3B31C74B49A00EA9EB9 /* Tutorial4.png */; };
		812DD3BA1C7720F000EA9EB9 /* Tutorial5.png in Resources */ = {isa = PBXBuildFile; fileRef = 812DD3B91C7720F000EA9EB9 /* Tutorial5.png */; };
		812DD3C01C774BEF00EA9EB9 /* newbutton.png in Resources */ = {isa = PBXBuildFile; fileRef = 812DD3BF1C774BEF00EA9EB9 /* newbutton.png */; };
		812DD3C21C774BFB00EA9EB9 /* albumbutton.png in Resources */ = {isa = PBXBuildFile; fileRef = 812DD3C11C774BFB00EA9EB9 /* albumbutton.png */; };
		813181E11C6183610066D5E0 /* shareicon2.png in Resources */ = {isa = PBXBuildFile; fileRef = 813181DD1C6183610066D5E0 /* shareicon2.png */; };
		813181E21C6183610066D5E0 /* shareicon3.png in Resources */ = {isa = PBXBuildFile; fileRef = 813181DE1C6183610066D5E0 /* shareicon3.png */; };
		813181E31C6183610066D5E0 /* shareicon4.png in Resources */ = {isa = PBXBuildFile; fileRef = 813181DF1C6183610066D5E0 /* shareicon4.png */; };
		8133CF801C4F9D3B000A0AC9 /* otonashi.mp3 in Resources */ = {isa = PBXBuildFile; fileRef = 8133CF7F1C4F9D3B000A0AC9 /* otonashi.mp3 */; };
		8133CF861C4FA9B6000A0AC9 /* ShareMovieViewController.m in Sources */ = {isa = PBXBuildFile; fileRef = 8133CF851C4FA9B6000A0AC9 /* ShareMovieViewController.m */; };
		8133CF8A1C5DED82000A0AC9 /* icon.png in Resources */ = {isa = PBXBuildFile; fileRef = 8133CF891C5DED82000A0AC9 /* icon.png */; };
		8133CF8C1C60A836000A0AC9 /* hyoushi.png in Resources */ = {isa = PBXBuildFile; fileRef = 8133CF8B1C60A836000A0AC9 /* hyoushi.png */; };
		8133CF961C60B911000A0AC9 /* share.png in Resources */ = {isa = PBXBuildFile; fileRef = 8133CF951C60B911000A0AC9 /* share.png */; };
		8167F6791C61962800264BD0 /* transition.png in Resources */ = {isa = PBXBuildFile; fileRef = 8167F6781C61962800264BD0 /* transition.png */; };
		8167F67D1C61976800264BD0 /* making.png in Resources */ = {isa = PBXBuildFile; fileRef = 8167F67C1C61976800264BD0 /* making.png */; };
		8167F6801C61ADBC00264BD0 /* Main.storyboard in Resources */ = {isa = PBXBuildFile; fileRef = 8167F67E1C61ADBC00264BD0 /* Main.storyboard */; };
		8167F6821C62F20B00264BD0 /* sample2.mp3 in Resources */ = {isa = PBXBuildFile; fileRef = 8167F6811C62F20B00264BD0 /* sample2.mp3 */; };
		8167F6841C633E8F00264BD0 /* MediaPlayer.framework in Frameworks */ = {isa = PBXBuildFile; fileRef = 8167F6831C633E8F00264BD0 /* MediaPlayer.framework */; };
		8167F6B51C66E2C300264BD0 /* onpuframe0.png in Resources */ = {isa = PBXBuildFile; fileRef = 8167F6AD1C66E2C300264BD0 /* onpuframe0.png */; };
		8167F6C41C66E3ED00264BD0 /* onpuframe1.png in Resources */ = {isa = PBXBuildFile; fileRef = 8167F6BD1C66E3EC00264BD0 /* onpuframe1.png */; };
		8167F6C51C66E3ED00264BD0 /* onpuframe2.png in Resources */ = {isa = PBXBuildFile; fileRef = 8167F6BE1C66E3EC00264BD0 /* onpuframe2.png */; };
		8167F6C61C66E3ED00264BD0 /* onpuframe3.png in Resources */ = {isa = PBXBuildFile; fileRef = 8167F6BF1C66E3ED00264BD0 /* onpuframe3.png */; };
		8167F6C71C66E3ED00264BD0 /* onpuframe4.png in Resources */ = {isa = PBXBuildFile; fileRef = 8167F6C01C66E3ED00264BD0 /* onpuframe4.png */; };
		8167F6C81C66E3ED00264BD0 /* onpuframe5.png in Resources */ = {isa = PBXBuildFile; fileRef = 8167F6C11C66E3ED00264BD0 /* onpuframe5.png */; };
		8167F6C91C66E3ED00264BD0 /* onpuframe6.png in Resources */ = {isa = PBXBuildFile; fileRef = 8167F6C21C66E3ED00264BD0 /* onpuframe6.png */; };
		8167F6CA1C66E3ED00264BD0 /* onpuframe7.png in Resources */ = {isa = PBXBuildFile; fileRef = 8167F6C31C66E3ED00264BD0 /* onpuframe7.png */; };
		8167F6CC1C66E9E800264BD0 /* mark.png in Resources */ = {isa = PBXBuildFile; fileRef = 8167F6CB1C66E9E800264BD0 /* mark.png */; };
		8167F6CE1C66EB9E00264BD0 /* shinki.png in Resources */ = {isa = PBXBuildFile; fileRef = 8167F6CD1C66EB9E00264BD0 /* shinki.png */; };
		8167F6D01C66EBA900264BD0 /* seen.png in Resources */ = {isa = PBXBuildFile; fileRef = 8167F6CF1C66EBA900264BD0 /* seen.png */; };
		8167F6D21C66EDCC00264BD0 /* Social.framework in Frameworks */ = {isa = PBXBuildFile; fileRef = 8167F6D11C66EDCC00264BD0 /* Social.framework */; };
		8167F6E01C6726A900264BD0 /* start.png in Resources */ = {isa = PBXBuildFile; fileRef = 8167F6DF1C6726A900264BD0 /* start.png */; };
		8167F6E81C67289E00264BD0 /* onpu0.png in Resources */ = {isa = PBXBuildFile; fileRef = 8167F6E31C67289E00264BD0 /* onpu0.png */; };
		8167F6E91C67289E00264BD0 /* onpu3.png in Resources */ = {isa = PBXBuildFile; fileRef = 8167F6E41C67289E00264BD0 /* onpu3.png */; };
		8167F6EA1C67289E00264BD0 /* onpu5.png in Resources */ = {isa = PBXBuildFile; fileRef = 8167F6E51C67289E00264BD0 /* onpu5.png */; };
		8167F6EB1C67289E00264BD0 /* onpu6.png in Resources */ = {isa = PBXBuildFile; fileRef = 8167F6E61C67289E00264BD0 /* onpu6.png */; };
		8167F6EC1C67289E00264BD0 /* onpu7.png in Resources */ = {isa = PBXBuildFile; fileRef = 8167F6E71C67289E00264BD0 /* onpu7.png */; };
		8167F6F01C6728C500264BD0 /* onpu1.png in Resources */ = {isa = PBXBuildFile; fileRef = 8167F6ED1C6728C500264BD0 /* onpu1.png */; };
		8167F6F11C6728C500264BD0 /* onpu2.png in Resources */ = {isa = PBXBuildFile; fileRef = 8167F6EE1C6728C500264BD0 /* onpu2.png */; };
		8167F6F21C6728C500264BD0 /* onpu4.png in Resources */ = {isa = PBXBuildFile; fileRef = 8167F6EF1C6728C500264BD0 /* onpu4.png */; };
		8167F7081C67342900264BD0 /* albumscreen.png in Resources */ = {isa = PBXBuildFile; fileRef = 8167F7071C67342900264BD0 /* albumscreen.png */; };
		8167F70E1C6B376400264BD0 /* shareicon.png in Resources */ = {isa = PBXBuildFile; fileRef = 8167F70D1C6B376400264BD0 /* shareicon.png */; };
		8167F7111C6B49C800264BD0 /* SocialVideoHelper.m in Sources */ = {isa = PBXBuildFile; fileRef = 8167F7101C6B49C800264BD0 /* SocialVideoHelper.m */; };
		819790C21BE0DCAB00CEDE61 /* Images.xcassets in Resources */ = {isa = PBXBuildFile; fileRef = 819790C11BE0DCAB00CEDE61 /* Images.xcassets */; };
		819790D11BE0DCAC00CEDE61 /* Touch_Album_1028Tests.m in Sources */ = {isa = PBXBuildFile; fileRef = 819790D01BE0DCAC00CEDE61 /* Touch_Album_1028Tests.m */; };
		819790E71BE0DD5D00CEDE61 /* AddPostViewController.m in Sources */ = {isa = PBXBuildFile; fileRef = 819790DB1BE0DD5D00CEDE61 /* AddPostViewController.m */; };
		819790E81BE0DD5D00CEDE61 /* AnimationViewController.m in Sources */ = {isa = PBXBuildFile; fileRef = 819790DD1BE0DD5D00CEDE61 /* AnimationViewController.m */; };
		819790E91BE0DD5D00CEDE61 /* AppDelegate.m in Sources */ = {isa = PBXBuildFile; fileRef = 819790DF1BE0DD5D00CEDE61 /* AppDelegate.m */; };
		819790EA1BE0DD5D00CEDE61 /* ASScreenRecorder.m in Sources */ = {isa = PBXBuildFile; fileRef = 819790E21BE0DD5D00CEDE61 /* ASScreenRecorder.m */; };
		8197910E1BE0DD6A00CEDE61 /* CheckViewController.m in Sources */ = {isa = PBXBuildFile; fileRef = 819790ED1BE0DD6A00CEDE61 /* CheckViewController.m */; };
		8197910F1BE0DD6A00CEDE61 /* ELCAlbumPickerController.m in Sources */ = {isa = PBXBuildFile; fileRef = 819790F01BE0DD6A00CEDE61 /* ELCAlbumPickerController.m */; };
		819791101BE0DD6A00CEDE61 /* ELCAsset.m in Sources */ = {isa = PBXBuildFile; fileRef = 819790F21BE0DD6A00CEDE61 /* ELCAsset.m */; };
		819791111BE0DD6A00CEDE61 /* ELCAssetCell.m in Sources */ = {isa = PBXBuildFile; fileRef = 819790F41BE0DD6A00CEDE61 /* ELCAssetCell.m */; };
		819791121BE0DD6A00CEDE61 /* ELCAssetTablePicker.m in Sources */ = {isa = PBXBuildFile; fileRef = 819790F81BE0DD6A00CEDE61 /* ELCAssetTablePicker.m */; };
		819791131BE0DD6A00CEDE61 /* ELCConsole.m in Sources */ = {isa = PBXBuildFile; fileRef = 819790FA1BE0DD6A00CEDE61 /* ELCConsole.m */; };
		819791141BE0DD6A00CEDE61 /* ELCImagePickerController.m in Sources */ = {isa = PBXBuildFile; fileRef = 819790FC1BE0DD6A00CEDE61 /* ELCImagePickerController.m */; };
		819791151BE0DD6A00CEDE61 /* ELCOverlayImageView.m in Sources */ = {isa = PBXBuildFile; fileRef = 819790FF1BE0DD6A00CEDE61 /* ELCOverlayImageView.m */; };
		819791161BE0DD6A00CEDE61 /* ELCAlbumPickerController.xib in Resources */ = {isa = PBXBuildFile; fileRef = 819791011BE0DD6A00CEDE61 /* ELCAlbumPickerController.xib */; };
		819791171BE0DD6A00CEDE61 /* ELCAssetPicker.xib in Resources */ = {isa = PBXBuildFile; fileRef = 819791021BE0DD6A00CEDE61 /* ELCAssetPicker.xib */; };
		819791181BE0DD6A00CEDE61 /* ELCAssetTablePicker.xib in Resources */ = {isa = PBXBuildFile; fileRef = 819791031BE0DD6A00CEDE61 /* ELCAssetTablePicker.xib */; };
		819791191BE0DD6A00CEDE61 /* Next2ViewController.m in Sources */ = {isa = PBXBuildFile; fileRef = 819791051BE0DD6A00CEDE61 /* Next2ViewController.m */; };
		8197911A1BE0DD6A00CEDE61 /* Next3ViewController.m in Sources */ = {isa = PBXBuildFile; fileRef = 819791071BE0DD6A00CEDE61 /* Next3ViewController.m */; };
		8197911B1BE0DD6A00CEDE61 /* Next4ViewController.m in Sources */ = {isa = PBXBuildFile; fileRef = 819791091BE0DD6A00CEDE61 /* Next4ViewController.m */; };
		8197911C1BE0DD6A00CEDE61 /* NextViewController.m in Sources */ = {isa = PBXBuildFile; fileRef = 8197910B1BE0DD6A00CEDE61 /* NextViewController.m */; };
		8197911D1BE0DD6A00CEDE61 /* Overlay.png in Resources */ = {isa = PBXBuildFile; fileRef = 8197910C1BE0DD6A00CEDE61 /* Overlay.png */; };
		8197911E1BE0DD6A00CEDE61 /* Overlay@2x.png in Resources */ = {isa = PBXBuildFile; fileRef = 8197910D1BE0DD6A00CEDE61 /* Overlay@2x.png */; };
		819791271BE0DD7800CEDE61 /* TemplateView.m in Sources */ = {isa = PBXBuildFile; fileRef = 819791221BE0DD7800CEDE61 /* TemplateView.m */; };
		819791281BE0DD7800CEDE61 /* TemplateViewController.m in Sources */ = {isa = PBXBuildFile; fileRef = 819791241BE0DD7800CEDE61 /* TemplateViewController.m */; };
		8197912B1BE0DD8400CEDE61 /* ViewController.m in Sources */ = {isa = PBXBuildFile; fileRef = 8197912A1BE0DD8400CEDE61 /* ViewController.m */; };
		81A288E71C2F699600666886 /* MBProgressHUD.m in Sources */ = {isa = PBXBuildFile; fileRef = 81A288E61C2F699600666886 /* MBProgressHUD.m */; };
		81CD90671C2A8FB40038A565 /* DMMovieMaker.m in Sources */ = {isa = PBXBuildFile; fileRef = 81CD90661C2A8FB40038A565 /* DMMovieMaker.m */; };
		81CD90761C2E694A0038A565 /* QuartzCore.framework in Frameworks */ = {isa = PBXBuildFile; fileRef = 81CD90751C2E694A0038A565 /* QuartzCore.framework */; };
		81E40B411C46565C00804108 /* sampleO1.mp3 in Resources */ = {isa = PBXBuildFile; fileRef = 81E40B3B1C46565C00804108 /* sampleO1.mp3 */; };
		81E40B421C46565C00804108 /* sampleOk.mp3 in Resources */ = {isa = PBXBuildFile; fileRef = 81E40B3C1C46565C00804108 /* sampleOk.mp3 */; };
		81E40B431C46565C00804108 /* sampleP1.mp3 in Resources */ = {isa = PBXBuildFile; fileRef = 81E40B3D1C46565C00804108 /* sampleP1.mp3 */; };
		81E40B441C46565C00804108 /* sampleP2.mp3 in Resources */ = {isa = PBXBuildFile; fileRef = 81E40B3E1C46565C00804108 /* sampleP2.mp3 */; };
		81E40B461C4656B500804108 /* sampleO2.mp3 in Resources */ = {isa = PBXBuildFile; fileRef = 81E40B451C4656B500804108 /* sampleO2.mp3 */; };
		81E40B481C46578B00804108 /* main.m in Sources */ = {isa = PBXBuildFile; fileRef = 81E40B471C46578B00804108 /* main.m */; };
		A8F4367C22EE5F0D060DE6E9 /* libPods-Touch_Album_1028.a in Frameworks */ = {isa = PBXBuildFile; fileRef = A65FD3ADBF0F845FE1218DB0 /* libPods-Touch_Album_1028.a */; };
/* End PBXBuildFile section */

/* Begin PBXContainerItemProxy section */
		819790CB1BE0DCAC00CEDE61 /* PBXContainerItemProxy */ = {
			isa = PBXContainerItemProxy;
			containerPortal = 819790A61BE0DCAB00CEDE61 /* Project object */;
			proxyType = 1;
			remoteGlobalIDString = 819790AD1BE0DCAB00CEDE61;
			remoteInfo = Touch_Album_1028;
		};
/* End PBXContainerItemProxy section */

/* Begin PBXFileReference section */
		75BC08378A40CE022F615FFA /* Pods-Touch_Album_1028.release.xcconfig */ = {isa = PBXFileReference; includeInIndex = 1; lastKnownFileType = text.xcconfig; name = "Pods-Touch_Album_1028.release.xcconfig"; path = "Pods/Target Support Files/Pods-Touch_Album_1028/Pods-Touch_Album_1028.release.xcconfig"; sourceTree = "<group>"; };
		8108E04E1C05D74C00040DBE /* Default-568h@2x.png */ = {isa = PBXFileReference; lastKnownFileType = image.png; path = "Default-568h@2x.png"; sourceTree = "<group>"; };
		8108E04F1C05D74C00040DBE /* Default-667h@2x.png */ = {isa = PBXFileReference; lastKnownFileType = image.png; path = "Default-667h@2x.png"; sourceTree = "<group>"; };
		8108E0501C05D74C00040DBE /* Default-736h@3x.png */ = {isa = PBXFileReference; lastKnownFileType = image.png; path = "Default-736h@3x.png"; sourceTree = "<group>"; };
		812600151BEA169D008775F9 /* DMSideScrollView.h */ = {isa = PBXFileReference; fileEncoding = 4; lastKnownFileType = sourcecode.c.h; path = DMSideScrollView.h; sourceTree = "<group>"; };
		812600161BEA169D008775F9 /* DMSideScrollView.m */ = {isa = PBXFileReference; fileEncoding = 4; lastKnownFileType = sourcecode.c.objc; path = DMSideScrollView.m; sourceTree = "<group>"; };
		812600281BEA1EC2008775F9 /* sample.mp3 */ = {isa = PBXFileReference; lastKnownFileType = audio.mp3; path = sample.mp3; sourceTree = "<group>"; };
		8126002A1BEA1F4B008775F9 /* AVFoundation.framework */ = {isa = PBXFileReference; lastKnownFileType = wrapper.framework; name = AVFoundation.framework; path = System/Library/Frameworks/AVFoundation.framework; sourceTree = SDKROOT; };
		812DD3971C7023DA00EA9EB9 /* AlbumViewController.h */ = {isa = PBXFileReference; fileEncoding = 4; lastKnownFileType = sourcecode.c.h; path = AlbumViewController.h; sourceTree = "<group>"; };
		812DD3981C7023DA00EA9EB9 /* AlbumViewController.m */ = {isa = PBXFileReference; fileEncoding = 4; lastKnownFileType = sourcecode.c.objc; path = AlbumViewController.m; sourceTree = "<group>"; };
		812DD39C1C7086FE00EA9EB9 /* menuscreen.png */ = {isa = PBXFileReference; lastKnownFileType = image.png; path = menuscreen.png; sourceTree = "<group>"; };
		812DD3AF1C74B49A00EA9EB9 /* Tutorial0.png */ = {isa = PBXFileReference; lastKnownFileType = image.png; path = Tutorial0.png; sourceTree = "<group>"; };
		812DD3B01C74B49A00EA9EB9 /* Tutorial1.png */ = {isa = PBXFileReference; lastKnownFileType = image.png; path = Tutorial1.png; sourceTree = "<group>"; };
		812DD3B11C74B49A00EA9EB9 /* Tutorial2.png */ = {isa = PBXFileReference; lastKnownFileType = image.png; path = Tutorial2.png; sourceTree = "<group>"; };
		812DD3B21C74B49A00EA9EB9 /* Tutorial3.png */ = {isa = PBXFileReference; lastKnownFileType = image.png; path = Tutorial3.png; sourceTree = "<group>"; };
		812DD3B31C74B49A00EA9EB9 /* Tutorial4.png */ = {isa = PBXFileReference; lastKnownFileType = image.png; path = Tutorial4.png; sourceTree = "<group>"; };
		812DD3B91C7720F000EA9EB9 /* Tutorial5.png */ = {isa = PBXFileReference; lastKnownFileType = image.png; path = Tutorial5.png; sourceTree = "<group>"; };
		812DD3BF1C774BEF00EA9EB9 /* newbutton.png */ = {isa = PBXFileReference; lastKnownFileType = image.png; path = newbutton.png; sourceTree = "<group>"; };
		812DD3C11C774BFB00EA9EB9 /* albumbutton.png */ = {isa = PBXFileReference; lastKnownFileType = image.png; path = albumbutton.png; sourceTree = "<group>"; };
		813181DD1C6183610066D5E0 /* shareicon2.png */ = {isa = PBXFileReference; lastKnownFileType = image.png; path = shareicon2.png; sourceTree = "<group>"; };
		813181DE1C6183610066D5E0 /* shareicon3.png */ = {isa = PBXFileReference; lastKnownFileType = image.png; path = shareicon3.png; sourceTree = "<group>"; };
		813181DF1C6183610066D5E0 /* shareicon4.png */ = {isa = PBXFileReference; lastKnownFileType = image.png; path = shareicon4.png; sourceTree = "<group>"; };
		8133CF7F1C4F9D3B000A0AC9 /* otonashi.mp3 */ = {isa = PBXFileReference; lastKnownFileType = audio.mp3; path = otonashi.mp3; sourceTree = "<group>"; };
		8133CF841C4FA9B6000A0AC9 /* ShareMovieViewController.h */ = {isa = PBXFileReference; fileEncoding = 4; lastKnownFileType = sourcecode.c.h; path = ShareMovieViewController.h; sourceTree = "<group>"; };
		8133CF851C4FA9B6000A0AC9 /* ShareMovieViewController.m */ = {isa = PBXFileReference; fileEncoding = 4; lastKnownFileType = sourcecode.c.objc; path = ShareMovieViewController.m; sourceTree = "<group>"; };
		8133CF891C5DED82000A0AC9 /* icon.png */ = {isa = PBXFileReference; lastKnownFileType = image.png; path = icon.png; sourceTree = "<group>"; };
		8133CF8B1C60A836000A0AC9 /* hyoushi.png */ = {isa = PBXFileReference; lastKnownFileType = image.png; path = hyoushi.png; sourceTree = "<group>"; };
		8133CF951C60B911000A0AC9 /* share.png */ = {isa = PBXFileReference; lastKnownFileType = image.png; path = share.png; sourceTree = "<group>"; };
		8167F6781C61962800264BD0 /* transition.png */ = {isa = PBXFileReference; lastKnownFileType = image.png; path = transition.png; sourceTree = "<group>"; };
		8167F67C1C61976800264BD0 /* making.png */ = {isa = PBXFileReference; lastKnownFileType = image.png; path = making.png; sourceTree = "<group>"; };
		8167F67F1C61ADBC00264BD0 /* Base */ = {isa = PBXFileReference; lastKnownFileType = file.storyboard; name = Base; path = Base.lproj/Main.storyboard; sourceTree = "<group>"; };
		8167F6811C62F20B00264BD0 /* sample2.mp3 */ = {isa = PBXFileReference; lastKnownFileType = audio.mp3; path = sample2.mp3; sourceTree = "<group>"; };
		8167F6831C633E8F00264BD0 /* MediaPlayer.framework */ = {isa = PBXFileReference; lastKnownFileType = wrapper.framework; name = MediaPlayer.framework; path = System/Library/Frameworks/MediaPlayer.framework; sourceTree = SDKROOT; };
		8167F6AD1C66E2C300264BD0 /* onpuframe0.png */ = {isa = PBXFileReference; lastKnownFileType = image.png; path = onpuframe0.png; sourceTree = "<group>"; };
		8167F6BD1C66E3EC00264BD0 /* onpuframe1.png */ = {isa = PBXFileReference; lastKnownFileType = image.png; path = onpuframe1.png; sourceTree = "<group>"; };
		8167F6BE1C66E3EC00264BD0 /* onpuframe2.png */ = {isa = PBXFileReference; lastKnownFileType = image.png; path = onpuframe2.png; sourceTree = "<group>"; };
		8167F6BF1C66E3ED00264BD0 /* onpuframe3.png */ = {isa = PBXFileReference; lastKnownFileType = image.png; path = onpuframe3.png; sourceTree = "<group>"; };
		8167F6C01C66E3ED00264BD0 /* onpuframe4.png */ = {isa = PBXFileReference; lastKnownFileType = image.png; path = onpuframe4.png; sourceTree = "<group>"; };
		8167F6C11C66E3ED00264BD0 /* onpuframe5.png */ = {isa = PBXFileReference; lastKnownFileType = image.png; path = onpuframe5.png; sourceTree = "<group>"; };
		8167F6C21C66E3ED00264BD0 /* onpuframe6.png */ = {isa = PBXFileReference; lastKnownFileType = image.png; path = onpuframe6.png; sourceTree = "<group>"; };
		8167F6C31C66E3ED00264BD0 /* onpuframe7.png */ = {isa = PBXFileReference; lastKnownFileType = image.png; path = onpuframe7.png; sourceTree = "<group>"; };
		8167F6CB1C66E9E800264BD0 /* mark.png */ = {isa = PBXFileReference; lastKnownFileType = image.png; path = mark.png; sourceTree = "<group>"; };
		8167F6CD1C66EB9E00264BD0 /* shinki.png */ = {isa = PBXFileReference; lastKnownFileType = image.png; path = shinki.png; sourceTree = "<group>"; };
		8167F6CF1C66EBA900264BD0 /* seen.png */ = {isa = PBXFileReference; lastKnownFileType = image.png; path = seen.png; sourceTree = "<group>"; };
		8167F6D11C66EDCC00264BD0 /* Social.framework */ = {isa = PBXFileReference; lastKnownFileType = wrapper.framework; name = Social.framework; path = System/Library/Frameworks/Social.framework; sourceTree = SDKROOT; };
		8167F6DF1C6726A900264BD0 /* start.png */ = {isa = PBXFileReference; lastKnownFileType = image.png; name = start.png; path = ../../../images/start.png; sourceTree = "<group>"; };
		8167F6E31C67289E00264BD0 /* onpu0.png */ = {isa = PBXFileReference; lastKnownFileType = image.png; name = onpu0.png; path = ../../../images/onpu0.png; sourceTree = "<group>"; };
		8167F6E41C67289E00264BD0 /* onpu3.png */ = {isa = PBXFileReference; lastKnownFileType = image.png; name = onpu3.png; path = ../../../images/onpu3.png; sourceTree = "<group>"; };
		8167F6E51C67289E00264BD0 /* onpu5.png */ = {isa = PBXFileReference; lastKnownFileType = image.png; name = onpu5.png; path = ../../../images/onpu5.png; sourceTree = "<group>"; };
		8167F6E61C67289E00264BD0 /* onpu6.png */ = {isa = PBXFileReference; lastKnownFileType = image.png; name = onpu6.png; path = ../../../images/onpu6.png; sourceTree = "<group>"; };
		8167F6E71C67289E00264BD0 /* onpu7.png */ = {isa = PBXFileReference; lastKnownFileType = image.png; name = onpu7.png; path = ../../../images/onpu7.png; sourceTree = "<group>"; };
		8167F6ED1C6728C500264BD0 /* onpu1.png */ = {isa = PBXFileReference; lastKnownFileType = image.png; name = onpu1.png; path = ../../../images/onpu1.png; sourceTree = "<group>"; };
		8167F6EE1C6728C500264BD0 /* onpu2.png */ = {isa = PBXFileReference; lastKnownFileType = image.png; name = onpu2.png; path = ../../../images/onpu2.png; sourceTree = "<group>"; };
		8167F6EF1C6728C500264BD0 /* onpu4.png */ = {isa = PBXFileReference; lastKnownFileType = image.png; name = onpu4.png; path = ../../../images/onpu4.png; sourceTree = "<group>"; };
		8167F7071C67342900264BD0 /* albumscreen.png */ = {isa = PBXFileReference; lastKnownFileType = image.png; path = albumscreen.png; sourceTree = "<group>"; };
		8167F70D1C6B376400264BD0 /* shareicon.png */ = {isa = PBXFileReference; lastKnownFileType = image.png; path = shareicon.png; sourceTree = "<group>"; };
		8167F70F1C6B49C800264BD0 /* SocialVideoHelper.h */ = {isa = PBXFileReference; fileEncoding = 4; lastKnownFileType = sourcecode.c.h; name = SocialVideoHelper.h; path = ../Views/SocialVideoHelper.h; sourceTree = "<group>"; };
		8167F7101C6B49C800264BD0 /* SocialVideoHelper.m */ = {isa = PBXFileReference; fileEncoding = 4; lastKnownFileType = sourcecode.c.objc; name = SocialVideoHelper.m; path = ../Views/SocialVideoHelper.m; sourceTree = "<group>"; };
		819790AE1BE0DCAB00CEDE61 /* Touch_Album_1028.app */ = {isa = PBXFileReference; explicitFileType = wrapper.application; includeInIndex = 0; path = Touch_Album_1028.app; sourceTree = BUILT_PRODUCTS_DIR; };
		819790B21BE0DCAB00CEDE61 /* Info.plist */ = {isa = PBXFileReference; lastKnownFileType = text.plist.xml; path = Info.plist; sourceTree = "<group>"; };
		819790C11BE0DCAB00CEDE61 /* Images.xcassets */ = {isa = PBXFileReference; lastKnownFileType = folder.assetcatalog; path = Images.xcassets; sourceTree = "<group>"; };
		819790CA1BE0DCAC00CEDE61 /* Touch_Album_1028Tests.xctest */ = {isa = PBXFileReference; explicitFileType = wrapper.cfbundle; includeInIndex = 0; path = Touch_Album_1028Tests.xctest; sourceTree = BUILT_PRODUCTS_DIR; };
		819790CF1BE0DCAC00CEDE61 /* Info.plist */ = {isa = PBXFileReference; lastKnownFileType = text.plist.xml; path = Info.plist; sourceTree = "<group>"; };
		819790D01BE0DCAC00CEDE61 /* Touch_Album_1028Tests.m */ = {isa = PBXFileReference; lastKnownFileType = sourcecode.c.objc; path = Touch_Album_1028Tests.m; sourceTree = "<group>"; };
		819790DA1BE0DD5D00CEDE61 /* AddPostViewController.h */ = {isa = PBXFileReference; fileEncoding = 4; lastKnownFileType = sourcecode.c.h; path = AddPostViewController.h; sourceTree = "<group>"; };
		819790DB1BE0DD5D00CEDE61 /* AddPostViewController.m */ = {isa = PBXFileReference; fileEncoding = 4; lastKnownFileType = sourcecode.c.objc; path = AddPostViewController.m; sourceTree = "<group>"; };
		819790DC1BE0DD5D00CEDE61 /* AnimationViewController.h */ = {isa = PBXFileReference; fileEncoding = 4; lastKnownFileType = sourcecode.c.h; path = AnimationViewController.h; sourceTree = "<group>"; };
		819790DD1BE0DD5D00CEDE61 /* AnimationViewController.m */ = {isa = PBXFileReference; fileEncoding = 4; lastKnownFileType = sourcecode.c.objc; path = AnimationViewController.m; sourceTree = "<group>"; };
		819790DE1BE0DD5D00CEDE61 /* AppDelegate.h */ = {isa = PBXFileReference; fileEncoding = 4; lastKnownFileType = sourcecode.c.h; path = AppDelegate.h; sourceTree = "<group>"; };
		819790DF1BE0DD5D00CEDE61 /* AppDelegate.m */ = {isa = PBXFileReference; fileEncoding = 4; lastKnownFileType = sourcecode.c.objc; path = AppDelegate.m; sourceTree = "<group>"; };
		819790E11BE0DD5D00CEDE61 /* ASScreenRecorder.h */ = {isa = PBXFileReference; fileEncoding = 4; lastKnownFileType = sourcecode.c.h; path = ASScreenRecorder.h; sourceTree = "<group>"; };
		819790E21BE0DD5D00CEDE61 /* ASScreenRecorder.m */ = {isa = PBXFileReference; fileEncoding = 4; lastKnownFileType = sourcecode.c.objc; path = ASScreenRecorder.m; sourceTree = "<group>"; };
		819790E41BE0DD5D00CEDE61 /* AppDelegate.h */ = {isa = PBXFileReference; fileEncoding = 4; lastKnownFileType = sourcecode.c.h; path = AppDelegate.h; sourceTree = "<group>"; };
		819790E51BE0DD5D00CEDE61 /* AppDelegate.m */ = {isa = PBXFileReference; fileEncoding = 4; lastKnownFileType = sourcecode.c.objc; path = AppDelegate.m; sourceTree = "<group>"; };
		819790EC1BE0DD6A00CEDE61 /* CheckViewController.h */ = {isa = PBXFileReference; fileEncoding = 4; lastKnownFileType = sourcecode.c.h; path = CheckViewController.h; sourceTree = "<group>"; };
		819790ED1BE0DD6A00CEDE61 /* CheckViewController.m */ = {isa = PBXFileReference; fileEncoding = 4; lastKnownFileType = sourcecode.c.objc; path = CheckViewController.m; sourceTree = "<group>"; };
		819790EF1BE0DD6A00CEDE61 /* ELCAlbumPickerController.h */ = {isa = PBXFileReference; fileEncoding = 4; lastKnownFileType = sourcecode.c.h; path = ELCAlbumPickerController.h; sourceTree = "<group>"; };
		819790F01BE0DD6A00CEDE61 /* ELCAlbumPickerController.m */ = {isa = PBXFileReference; fileEncoding = 4; lastKnownFileType = sourcecode.c.objc; path = ELCAlbumPickerController.m; sourceTree = "<group>"; };
		819790F11BE0DD6A00CEDE61 /* ELCAsset.h */ = {isa = PBXFileReference; fileEncoding = 4; lastKnownFileType = sourcecode.c.h; path = ELCAsset.h; sourceTree = "<group>"; };
		819790F21BE0DD6A00CEDE61 /* ELCAsset.m */ = {isa = PBXFileReference; fileEncoding = 4; lastKnownFileType = sourcecode.c.objc; path = ELCAsset.m; sourceTree = "<group>"; };
		819790F31BE0DD6A00CEDE61 /* ELCAssetCell.h */ = {isa = PBXFileReference; fileEncoding = 4; lastKnownFileType = sourcecode.c.h; path = ELCAssetCell.h; sourceTree = "<group>"; };
		819790F41BE0DD6A00CEDE61 /* ELCAssetCell.m */ = {isa = PBXFileReference; fileEncoding = 4; lastKnownFileType = sourcecode.c.objc; path = ELCAssetCell.m; sourceTree = "<group>"; };
		819790F51BE0DD6A00CEDE61 /* ELCAssetPickerFilterDelegate.h */ = {isa = PBXFileReference; fileEncoding = 4; lastKnownFileType = sourcecode.c.h; path = ELCAssetPickerFilterDelegate.h; sourceTree = "<group>"; };
		819790F61BE0DD6A00CEDE61 /* ELCAssetSelectionDelegate.h */ = {isa = PBXFileReference; fileEncoding = 4; lastKnownFileType = sourcecode.c.h; path = ELCAssetSelectionDelegate.h; sourceTree = "<group>"; };
		819790F71BE0DD6A00CEDE61 /* ELCAssetTablePicker.h */ = {isa = PBXFileReference; fileEncoding = 4; lastKnownFileType = sourcecode.c.h; path = ELCAssetTablePicker.h; sourceTree = "<group>"; };
		819790F81BE0DD6A00CEDE61 /* ELCAssetTablePicker.m */ = {isa = PBXFileReference; fileEncoding = 4; lastKnownFileType = sourcecode.c.objc; path = ELCAssetTablePicker.m; sourceTree = "<group>"; };
		819790F91BE0DD6A00CEDE61 /* ELCConsole.h */ = {isa = PBXFileReference; fileEncoding = 4; lastKnownFileType = sourcecode.c.h; path = ELCConsole.h; sourceTree = "<group>"; };
		819790FA1BE0DD6A00CEDE61 /* ELCConsole.m */ = {isa = PBXFileReference; fileEncoding = 4; lastKnownFileType = sourcecode.c.objc; path = ELCConsole.m; sourceTree = "<group>"; };
		819790FB1BE0DD6A00CEDE61 /* ELCImagePickerController.h */ = {isa = PBXFileReference; fileEncoding = 4; lastKnownFileType = sourcecode.c.h; path = ELCImagePickerController.h; sourceTree = "<group>"; };
		819790FC1BE0DD6A00CEDE61 /* ELCImagePickerController.m */ = {isa = PBXFileReference; fileEncoding = 4; lastKnownFileType = sourcecode.c.objc; path = ELCImagePickerController.m; sourceTree = "<group>"; };
		819790FD1BE0DD6A00CEDE61 /* ELCImagePickerHeader.h */ = {isa = PBXFileReference; fileEncoding = 4; lastKnownFileType = sourcecode.c.h; path = ELCImagePickerHeader.h; sourceTree = "<group>"; };
		819790FE1BE0DD6A00CEDE61 /* ELCOverlayImageView.h */ = {isa = PBXFileReference; fileEncoding = 4; lastKnownFileType = sourcecode.c.h; path = ELCOverlayImageView.h; sourceTree = "<group>"; };
		819790FF1BE0DD6A00CEDE61 /* ELCOverlayImageView.m */ = {isa = PBXFileReference; fileEncoding = 4; lastKnownFileType = sourcecode.c.objc; path = ELCOverlayImageView.m; sourceTree = "<group>"; };
		819791011BE0DD6A00CEDE61 /* ELCAlbumPickerController.xib */ = {isa = PBXFileReference; fileEncoding = 4; lastKnownFileType = file.xib; path = ELCAlbumPickerController.xib; sourceTree = "<group>"; };
		819791021BE0DD6A00CEDE61 /* ELCAssetPicker.xib */ = {isa = PBXFileReference; fileEncoding = 4; lastKnownFileType = file.xib; path = ELCAssetPicker.xib; sourceTree = "<group>"; };
		819791031BE0DD6A00CEDE61 /* ELCAssetTablePicker.xib */ = {isa = PBXFileReference; fileEncoding = 4; lastKnownFileType = file.xib; path = ELCAssetTablePicker.xib; sourceTree = "<group>"; };
		819791041BE0DD6A00CEDE61 /* Next2ViewController.h */ = {isa = PBXFileReference; fileEncoding = 4; lastKnownFileType = sourcecode.c.h; path = Next2ViewController.h; sourceTree = "<group>"; };
		819791051BE0DD6A00CEDE61 /* Next2ViewController.m */ = {isa = PBXFileReference; fileEncoding = 4; lastKnownFileType = sourcecode.c.objc; path = Next2ViewController.m; sourceTree = "<group>"; };
		819791061BE0DD6A00CEDE61 /* Next3ViewController.h */ = {isa = PBXFileReference; fileEncoding = 4; lastKnownFileType = sourcecode.c.h; path = Next3ViewController.h; sourceTree = "<group>"; };
		819791071BE0DD6A00CEDE61 /* Next3ViewController.m */ = {isa = PBXFileReference; fileEncoding = 4; lastKnownFileType = sourcecode.c.objc; path = Next3ViewController.m; sourceTree = "<group>"; };
		819791081BE0DD6A00CEDE61 /* Next4ViewController.h */ = {isa = PBXFileReference; fileEncoding = 4; lastKnownFileType = sourcecode.c.h; path = Next4ViewController.h; sourceTree = "<group>"; };
		819791091BE0DD6A00CEDE61 /* Next4ViewController.m */ = {isa = PBXFileReference; fileEncoding = 4; lastKnownFileType = sourcecode.c.objc; path = Next4ViewController.m; sourceTree = "<group>"; };
		8197910A1BE0DD6A00CEDE61 /* NextViewController.h */ = {isa = PBXFileReference; fileEncoding = 4; lastKnownFileType = sourcecode.c.h; path = NextViewController.h; sourceTree = "<group>"; };
		8197910B1BE0DD6A00CEDE61 /* NextViewController.m */ = {isa = PBXFileReference; fileEncoding = 4; lastKnownFileType = sourcecode.c.objc; path = NextViewController.m; sourceTree = "<group>"; };
		8197910C1BE0DD6A00CEDE61 /* Overlay.png */ = {isa = PBXFileReference; lastKnownFileType = image.png; path = Overlay.png; sourceTree = "<group>"; };
		8197910D1BE0DD6A00CEDE61 /* Overlay@2x.png */ = {isa = PBXFileReference; lastKnownFileType = image.png; path = "Overlay@2x.png"; sourceTree = "<group>"; };
		819791211BE0DD7800CEDE61 /* TemplateView.h */ = {isa = PBXFileReference; fileEncoding = 4; lastKnownFileType = sourcecode.c.h; path = TemplateView.h; sourceTree = "<group>"; };
		819791221BE0DD7800CEDE61 /* TemplateView.m */ = {isa = PBXFileReference; fileEncoding = 4; lastKnownFileType = sourcecode.c.objc; path = TemplateView.m; sourceTree = "<group>"; };
		819791231BE0DD7800CEDE61 /* TemplateViewController.h */ = {isa = PBXFileReference; fileEncoding = 4; lastKnownFileType = sourcecode.c.h; path = TemplateViewController.h; sourceTree = "<group>"; };
		819791241BE0DD7800CEDE61 /* TemplateViewController.m */ = {isa = PBXFileReference; fileEncoding = 4; lastKnownFileType = sourcecode.c.objc; path = TemplateViewController.m; sourceTree = "<group>"; };
		819791291BE0DD8400CEDE61 /* ViewController.h */ = {isa = PBXFileReference; fileEncoding = 4; lastKnownFileType = sourcecode.c.h; path = ViewController.h; sourceTree = "<group>"; };
		8197912A1BE0DD8400CEDE61 /* ViewController.m */ = {isa = PBXFileReference; fileEncoding = 4; lastKnownFileType = sourcecode.c.objc; path = ViewController.m; sourceTree = "<group>"; };
		81A288E51C2F699600666886 /* MBProgressHUD.h */ = {isa = PBXFileReference; fileEncoding = 4; lastKnownFileType = sourcecode.c.h; name = MBProgressHUD.h; path = "../../../../Downloads/MBProgressHUD-master/MBProgressHUD.h"; sourceTree = "<group>"; };
		81A288E61C2F699600666886 /* MBProgressHUD.m */ = {isa = PBXFileReference; fileEncoding = 4; lastKnownFileType = sourcecode.c.objc; name = MBProgressHUD.m; path = "../../../../Downloads/MBProgressHUD-master/MBProgressHUD.m"; sourceTree = "<group>"; };
		81CD90651C2A8FB40038A565 /* DMMovieMaker.h */ = {isa = PBXFileReference; fileEncoding = 4; lastKnownFileType = sourcecode.c.h; path = DMMovieMaker.h; sourceTree = "<group>"; };
		81CD90661C2A8FB40038A565 /* DMMovieMaker.m */ = {isa = PBXFileReference; fileEncoding = 4; lastKnownFileType = sourcecode.c.objc; path = DMMovieMaker.m; sourceTree = "<group>"; };
		81CD90751C2E694A0038A565 /* QuartzCore.framework */ = {isa = PBXFileReference; lastKnownFileType = wrapper.framework; name = QuartzCore.framework; path = System/Library/Frameworks/QuartzCore.framework; sourceTree = SDKROOT; };
		81E40B3B1C46565C00804108 /* sampleO1.mp3 */ = {isa = PBXFileReference; lastKnownFileType = audio.mp3; name = sampleO1.mp3; path = ../../../MP3/sampleO1.mp3; sourceTree = "<group>"; };
		81E40B3C1C46565C00804108 /* sampleOk.mp3 */ = {isa = PBXFileReference; lastKnownFileType = audio.mp3; name = sampleOk.mp3; path = ../../../MP3/sampleOk.mp3; sourceTree = "<group>"; };
		81E40B3D1C46565C00804108 /* sampleP1.mp3 */ = {isa = PBXFileReference; lastKnownFileType = audio.mp3; name = sampleP1.mp3; path = ../../../MP3/sampleP1.mp3; sourceTree = "<group>"; };
		81E40B3E1C46565C00804108 /* sampleP2.mp3 */ = {isa = PBXFileReference; lastKnownFileType = audio.mp3; name = sampleP2.mp3; path = ../../../MP3/sampleP2.mp3; sourceTree = "<group>"; };
		81E40B451C4656B500804108 /* sampleO2.mp3 */ = {isa = PBXFileReference; lastKnownFileType = audio.mp3; name = sampleO2.mp3; path = ../../../MP3/sampleO2.mp3; sourceTree = "<group>"; };
		81E40B471C46578B00804108 /* main.m */ = {isa = PBXFileReference; fileEncoding = 4; lastKnownFileType = sourcecode.c.objc; path = main.m; sourceTree = "<group>"; };
		A65FD3ADBF0F845FE1218DB0 /* libPods-Touch_Album_1028.a */ = {isa = PBXFileReference; explicitFileType = archive.ar; includeInIndex = 0; path = "libPods-Touch_Album_1028.a"; sourceTree = BUILT_PRODUCTS_DIR; };
		C418EF732EB9C7524722E337 /* Pods-Touch_Album_1028.debug.xcconfig */ = {isa = PBXFileReference; includeInIndex = 1; lastKnownFileType = text.xcconfig; name = "Pods-Touch_Album_1028.debug.xcconfig"; path = "Pods/Target Support Files/Pods-Touch_Album_1028/Pods-Touch_Album_1028.debug.xcconfig"; sourceTree = "<group>"; };
/* End PBXFileReference section */

/* Begin PBXFrameworksBuildPhase section */
		819790AB1BE0DCAB00CEDE61 /* Frameworks */ = {
			isa = PBXFrameworksBuildPhase;
			buildActionMask = 2147483647;
			files = (
				8167F6D21C66EDCC00264BD0 /* Social.framework in Frameworks */,
				8167F6841C633E8F00264BD0 /* MediaPlayer.framework in Frameworks */,
				81CD90761C2E694A0038A565 /* QuartzCore.framework in Frameworks */,
				8126002B1BEA1F4B008775F9 /* AVFoundation.framework in Frameworks */,
				A8F4367C22EE5F0D060DE6E9 /* libPods-Touch_Album_1028.a in Frameworks */,
			);
			runOnlyForDeploymentPostprocessing = 0;
		};
		819790C71BE0DCAC00CEDE61 /* Frameworks */ = {
			isa = PBXFrameworksBuildPhase;
			buildActionMask = 2147483647;
			files = (
			);
			runOnlyForDeploymentPostprocessing = 0;
		};
/* End PBXFrameworksBuildPhase section */

/* Begin PBXGroup section */
		8108E04D1C05D74C00040DBE /* Defaults */ = {
			isa = PBXGroup;
			children = (
				8108E04E1C05D74C00040DBE /* Default-568h@2x.png */,
				8108E04F1C05D74C00040DBE /* Default-667h@2x.png */,
				8108E0501C05D74C00040DBE /* Default-736h@3x.png */,
			);
			path = Defaults;
			sourceTree = "<group>";
		};
		8167F6D31C670DCD00264BD0 /* Frameworks */ = {
			isa = PBXGroup;
			children = (
				8126002A1BEA1F4B008775F9 /* AVFoundation.framework */,
				8167F6831C633E8F00264BD0 /* MediaPlayer.framework */,
				81CD90751C2E694A0038A565 /* QuartzCore.framework */,
				8167F6D11C66EDCC00264BD0 /* Social.framework */,
			);
			path = Frameworks;
			sourceTree = "<group>";
		};
		8167F6D41C670DE000264BD0 /* Controllers */ = {
			isa = PBXGroup;
			children = (
				819790DE1BE0DD5D00CEDE61 /* AppDelegate.h */,
				819790DF1BE0DD5D00CEDE61 /* AppDelegate.m */,
				819791291BE0DD8400CEDE61 /* ViewController.h */,
				8197912A1BE0DD8400CEDE61 /* ViewController.m */,
				819790DA1BE0DD5D00CEDE61 /* AddPostViewController.h */,
				819790DB1BE0DD5D00CEDE61 /* AddPostViewController.m */,
				812DD3971C7023DA00EA9EB9 /* AlbumViewController.h */,
				812DD3981C7023DA00EA9EB9 /* AlbumViewController.m */,
				819790EC1BE0DD6A00CEDE61 /* CheckViewController.h */,
				819790ED1BE0DD6A00CEDE61 /* CheckViewController.m */,
				819791241BE0DD7800CEDE61 /* TemplateViewController.m */,
				819791231BE0DD7800CEDE61 /* TemplateViewController.h */,
				8133CF841C4FA9B6000A0AC9 /* ShareMovieViewController.h */,
				8133CF851C4FA9B6000A0AC9 /* ShareMovieViewController.m */,
				819790DC1BE0DD5D00CEDE61 /* AnimationViewController.h */,
				819790DD1BE0DD5D00CEDE61 /* AnimationViewController.m */,
			);
			path = Controllers;
			sourceTree = "<group>";
		};
		8167F6D51C670E0600264BD0 /* Libraries */ = {
			isa = PBXGroup;
			children = (
				8167F70F1C6B49C800264BD0 /* SocialVideoHelper.h */,
				8167F7101C6B49C800264BD0 /* SocialVideoHelper.m */,
				819790E01BE0DD5D00CEDE61 /* ASScreenRecorder */,
				81CD90651C2A8FB40038A565 /* DMMovieMaker.h */,
				81CD90661C2A8FB40038A565 /* DMMovieMaker.m */,
				81A288E51C2F699600666886 /* MBProgressHUD.h */,
				81A288E61C2F699600666886 /* MBProgressHUD.m */,
			);
			path = Libraries;
			sourceTree = "<group>";
		};
		8167F6D61C670E2B00264BD0 /* Views */ = {
			isa = PBXGroup;
			children = (
				812600151BEA169D008775F9 /* DMSideScrollView.h */,
				812600161BEA169D008775F9 /* DMSideScrollView.m */,
				819791211BE0DD7800CEDE61 /* TemplateView.h */,
				819791221BE0DD7800CEDE61 /* TemplateView.m */,
			);
			path = Views;
			sourceTree = "<group>";
		};
		8167F6D71C670E4900264BD0 /* Resources */ = {
			isa = PBXGroup;
			children = (
				8108E04D1C05D74C00040DBE /* Defaults */,
				819790C11BE0DCAB00CEDE61 /* Images.xcassets */,
				812DD3AF1C74B49A00EA9EB9 /* Tutorial0.png */,
				812DD3B01C74B49A00EA9EB9 /* Tutorial1.png */,
				812DD3B11C74B49A00EA9EB9 /* Tutorial2.png */,
				812DD3B21C74B49A00EA9EB9 /* Tutorial3.png */,
				812DD3B31C74B49A00EA9EB9 /* Tutorial4.png */,
				812DD3B91C7720F000EA9EB9 /* Tutorial5.png */,
				8133CF8B1C60A836000A0AC9 /* hyoushi.png */,
				812DD39C1C7086FE00EA9EB9 /* menuscreen.png */,
				8167F7071C67342900264BD0 /* albumscreen.png */,
				8133CF891C5DED82000A0AC9 /* icon.png */,
				8167F67C1C61976800264BD0 /* making.png */,
				8167F6CB1C66E9E800264BD0 /* mark.png */,
				8167F6E31C67289E00264BD0 /* onpu0.png */,
				8167F6ED1C6728C500264BD0 /* onpu1.png */,
				8167F6EE1C6728C500264BD0 /* onpu2.png */,
				8167F6E41C67289E00264BD0 /* onpu3.png */,
				8167F6EF1C6728C500264BD0 /* onpu4.png */,
				8167F6E51C67289E00264BD0 /* onpu5.png */,
				8167F6E61C67289E00264BD0 /* onpu6.png */,
				8167F6E71C67289E00264BD0 /* onpu7.png */,
				8167F6AD1C66E2C300264BD0 /* onpuframe0.png */,
				8167F6BD1C66E3EC00264BD0 /* onpuframe1.png */,
				8167F6BE1C66E3EC00264BD0 /* onpuframe2.png */,
				8167F6BF1C66E3ED00264BD0 /* onpuframe3.png */,
				8167F6C01C66E3ED00264BD0 /* onpuframe4.png */,
				8167F6C11C66E3ED00264BD0 /* onpuframe5.png */,
				8167F6C21C66E3ED00264BD0 /* onpuframe6.png */,
				8167F6C31C66E3ED00264BD0 /* onpuframe7.png */,
				8133CF7F1C4F9D3B000A0AC9 /* otonashi.mp3 */,
				812600281BEA1EC2008775F9 /* sample.mp3 */,
				8167F6811C62F20B00264BD0 /* sample2.mp3 */,
				81E40B3B1C46565C00804108 /* sampleO1.mp3 */,
				81E40B451C4656B500804108 /* sampleO2.mp3 */,
				81E40B3C1C46565C00804108 /* sampleOk.mp3 */,
				81E40B3D1C46565C00804108 /* sampleP1.mp3 */,
				81E40B3E1C46565C00804108 /* sampleP2.mp3 */,
				8133CF951C60B911000A0AC9 /* share.png */,
				8167F70D1C6B376400264BD0 /* shareicon.png */,
				813181DD1C6183610066D5E0 /* shareicon2.png */,
				813181DE1C6183610066D5E0 /* shareicon3.png */,
				813181DF1C6183610066D5E0 /* shareicon4.png */,
				8167F6CD1C66EB9E00264BD0 /* shinki.png */,
				8167F6CF1C66EBA900264BD0 /* seen.png */,
				8167F6DF1C6726A900264BD0 /* start.png */,
				8167F6781C61962800264BD0 /* transition.png */,
				812DD3BF1C774BEF00EA9EB9 /* newbutton.png */,
				812DD3C11C774BFB00EA9EB9 /* albumbutton.png */,
			);
			path = Resources;
			sourceTree = "<group>";
		};
		8167F6D81C670E7000264BD0 /* Storyboards */ = {
			isa = PBXGroup;
			children = (
				8167F67E1C61ADBC00264BD0 /* Main.storyboard */,
			);
			path = Storyboards;
			sourceTree = "<group>";
		};
		819790A51BE0DCAB00CEDE61 = {
			isa = PBXGroup;
			children = (
				819790AF1BE0DCAB00CEDE61 /* Products */,
				819790B01BE0DCAB00CEDE61 /* Touch_Album_1028 */,
				819790CD1BE0DCAC00CEDE61 /* Touch_Album_1028Tests */,
				87C43A6EEF35A61A0771D455 /* Pods */,
				E53B1D2097656A547D3F90DA /* Frameworks */,
			);
			sourceTree = "<group>";
			usesTabs = 0;
		};
		819790AF1BE0DCAB00CEDE61 /* Products */ = {
			isa = PBXGroup;
			children = (
				819790AE1BE0DCAB00CEDE61 /* Touch_Album_1028.app */,
				819790CA1BE0DCAC00CEDE61 /* Touch_Album_1028Tests.xctest */,
			);
			name = Products;
			sourceTree = "<group>";
		};
		819790B01BE0DCAB00CEDE61 /* Touch_Album_1028 */ = {
			isa = PBXGroup;
			children = (
				8167F6D41C670DE000264BD0 /* Controllers */,
				819790EE1BE0DD6A00CEDE61 /* ELCImagePicker */,
				8167F6D31C670DCD00264BD0 /* Frameworks */,
				8167F6D51C670E0600264BD0 /* Libraries */,
				8167F6D71C670E4900264BD0 /* Resources */,
				8167F6D81C670E7000264BD0 /* Storyboards */,
				819790B11BE0DCAB00CEDE61 /* Supporting Files */,
				8167F6D61C670E2B00264BD0 /* Views */,
			);
			path = Touch_Album_1028;
			sourceTree = "<group>";
		};
		819790B11BE0DCAB00CEDE61 /* Supporting Files */ = {
			isa = PBXGroup;
			children = (
				819790B21BE0DCAB00CEDE61 /* Info.plist */,
				81E40B471C46578B00804108 /* main.m */,
			);
			path = "Supporting Files";
			sourceTree = "<group>";
		};
		819790CD1BE0DCAC00CEDE61 /* Touch_Album_1028Tests */ = {
			isa = PBXGroup;
			children = (
				819790CE1BE0DCAC00CEDE61 /* Supporting Files */,
				819790D01BE0DCAC00CEDE61 /* Touch_Album_1028Tests.m */,
			);
			path = Touch_Album_1028Tests;
			sourceTree = "<group>";
		};
		819790CE1BE0DCAC00CEDE61 /* Supporting Files */ = {
			isa = PBXGroup;
			children = (
				819790CF1BE0DCAC00CEDE61 /* Info.plist */,
			);
			path = "Supporting Files";
			sourceTree = "<group>";
		};
		819790E01BE0DD5D00CEDE61 /* ASScreenRecorder */ = {
			isa = PBXGroup;
			children = (
				819790E31BE0DD5D00CEDE61 /* ELCImagePicker */,
				819790E11BE0DD5D00CEDE61 /* ASScreenRecorder.h */,
				819790E21BE0DD5D00CEDE61 /* ASScreenRecorder.m */,
			);
			path = ASScreenRecorder;
			sourceTree = "<group>";
		};
		819790E31BE0DD5D00CEDE61 /* ELCImagePicker */ = {
			isa = PBXGroup;
			children = (
				819790E61BE0DD5D00CEDE61 /* Resources */,
				819790E41BE0DD5D00CEDE61 /* AppDelegate.h */,
				819790E51BE0DD5D00CEDE61 /* AppDelegate.m */,
			);
			path = ELCImagePicker;
			sourceTree = "<group>";
		};
		819790E61BE0DD5D00CEDE61 /* Resources */ = {
			isa = PBXGroup;
			children = (
			);
			path = Resources;
			sourceTree = "<group>";
		};
		819790EE1BE0DD6A00CEDE61 /* ELCImagePicker */ = {
			isa = PBXGroup;
			children = (
				819791001BE0DD6A00CEDE61 /* Resources */,
				819790EF1BE0DD6A00CEDE61 /* ELCAlbumPickerController.h */,
				819790F01BE0DD6A00CEDE61 /* ELCAlbumPickerController.m */,
				819790F11BE0DD6A00CEDE61 /* ELCAsset.h */,
				819790F21BE0DD6A00CEDE61 /* ELCAsset.m */,
				819790F31BE0DD6A00CEDE61 /* ELCAssetCell.h */,
				819790F41BE0DD6A00CEDE61 /* ELCAssetCell.m */,
				819790F51BE0DD6A00CEDE61 /* ELCAssetPickerFilterDelegate.h */,
				819790F61BE0DD6A00CEDE61 /* ELCAssetSelectionDelegate.h */,
				819790F71BE0DD6A00CEDE61 /* ELCAssetTablePicker.h */,
				819790F81BE0DD6A00CEDE61 /* ELCAssetTablePicker.m */,
				819790F91BE0DD6A00CEDE61 /* ELCConsole.h */,
				819790FA1BE0DD6A00CEDE61 /* ELCConsole.m */,
				819790FB1BE0DD6A00CEDE61 /* ELCImagePickerController.h */,
				819790FC1BE0DD6A00CEDE61 /* ELCImagePickerController.m */,
				819790FD1BE0DD6A00CEDE61 /* ELCImagePickerHeader.h */,
				819790FE1BE0DD6A00CEDE61 /* ELCOverlayImageView.h */,
				819790FF1BE0DD6A00CEDE61 /* ELCOverlayImageView.m */,
			);
			path = ELCImagePicker;
			sourceTree = "<group>";
		};
		819791001BE0DD6A00CEDE61 /* Resources */ = {
			isa = PBXGroup;
			children = (
				819791011BE0DD6A00CEDE61 /* ELCAlbumPickerController.xib */,
				819791021BE0DD6A00CEDE61 /* ELCAssetPicker.xib */,
				819791031BE0DD6A00CEDE61 /* ELCAssetTablePicker.xib */,
				819791041BE0DD6A00CEDE61 /* Next2ViewController.h */,
				819791051BE0DD6A00CEDE61 /* Next2ViewController.m */,
				819791061BE0DD6A00CEDE61 /* Next3ViewController.h */,
				819791071BE0DD6A00CEDE61 /* Next3ViewController.m */,
				819791081BE0DD6A00CEDE61 /* Next4ViewController.h */,
				819791091BE0DD6A00CEDE61 /* Next4ViewController.m */,
				8197910A1BE0DD6A00CEDE61 /* NextViewController.h */,
				8197910B1BE0DD6A00CEDE61 /* NextViewController.m */,
				8197910C1BE0DD6A00CEDE61 /* Overlay.png */,
				8197910D1BE0DD6A00CEDE61 /* Overlay@2x.png */,
			);
			path = Resources;
			sourceTree = "<group>";
		};
		87C43A6EEF35A61A0771D455 /* Pods */ = {
			isa = PBXGroup;
			children = (
				C418EF732EB9C7524722E337 /* Pods-Touch_Album_1028.debug.xcconfig */,
				75BC08378A40CE022F615FFA /* Pods-Touch_Album_1028.release.xcconfig */,
			);
			name = Pods;
			sourceTree = "<group>";
		};
		E53B1D2097656A547D3F90DA /* Frameworks */ = {
			isa = PBXGroup;
			children = (
				A65FD3ADBF0F845FE1218DB0 /* libPods-Touch_Album_1028.a */,
			);
			name = Frameworks;
			sourceTree = "<group>";
		};
/* End PBXGroup section */

/* Begin PBXNativeTarget section */
		819790AD1BE0DCAB00CEDE61 /* Touch_Album_1028 */ = {
			isa = PBXNativeTarget;
			buildConfigurationList = 819790D41BE0DCAC00CEDE61 /* Build configuration list for PBXNativeTarget "Touch_Album_1028" */;
			buildPhases = (
				2280395B41090F18C073B72C /* Check Pods Manifest.lock */,
				819790AA1BE0DCAB00CEDE61 /* Sources */,
				819790AB1BE0DCAB00CEDE61 /* Frameworks */,
				819790AC1BE0DCAB00CEDE61 /* Resources */,
				D566B48FF703CF2D9AFEC632 /* Embed Pods Frameworks */,
				CB552AF178091CAD3ED10719 /* Copy Pods Resources */,
			);
			buildRules = (
			);
			dependencies = (
			);
			name = Touch_Album_1028;
			productName = Touch_Album_1028;
			productReference = 819790AE1BE0DCAB00CEDE61 /* Touch_Album_1028.app */;
			productType = "com.apple.product-type.application";
		};
		819790C91BE0DCAC00CEDE61 /* Touch_Album_1028Tests */ = {
			isa = PBXNativeTarget;
			buildConfigurationList = 819790D71BE0DCAC00CEDE61 /* Build configuration list for PBXNativeTarget "Touch_Album_1028Tests" */;
			buildPhases = (
				819790C61BE0DCAC00CEDE61 /* Sources */,
				819790C71BE0DCAC00CEDE61 /* Frameworks */,
				819790C81BE0DCAC00CEDE61 /* Resources */,
			);
			buildRules = (
			);
			dependencies = (
				819790CC1BE0DCAC00CEDE61 /* PBXTargetDependency */,
			);
			name = Touch_Album_1028Tests;
			productName = Touch_Album_1028Tests;
			productReference = 819790CA1BE0DCAC00CEDE61 /* Touch_Album_1028Tests.xctest */;
			productType = "com.apple.product-type.bundle.unit-test";
		};
/* End PBXNativeTarget section */

/* Begin PBXProject section */
		819790A61BE0DCAB00CEDE61 /* Project object */ = {
			isa = PBXProject;
			attributes = {
				LastUpgradeCheck = 0640;
				ORGANIZATIONNAME = "西林咲音";
				TargetAttributes = {
					819790AD1BE0DCAB00CEDE61 = {
						CreatedOnToolsVersion = 6.4;
					};
					819790C91BE0DCAC00CEDE61 = {
						CreatedOnToolsVersion = 6.4;
						TestTargetID = 819790AD1BE0DCAB00CEDE61;
					};
				};
			};
			buildConfigurationList = 819790A91BE0DCAB00CEDE61 /* Build configuration list for PBXProject "Touch_Album_1028" */;
			compatibilityVersion = "Xcode 3.2";
			developmentRegion = English;
			hasScannedForEncodings = 0;
			knownRegions = (
				en,
				Base,
			);
			mainGroup = 819790A51BE0DCAB00CEDE61;
			productRefGroup = 819790AF1BE0DCAB00CEDE61 /* Products */;
			projectDirPath = "";
			projectRoot = "";
			targets = (
				819790AD1BE0DCAB00CEDE61 /* Touch_Album_1028 */,
				819790C91BE0DCAC00CEDE61 /* Touch_Album_1028Tests */,
			);
		};
/* End PBXProject section */

/* Begin PBXResourcesBuildPhase section */
		819790AC1BE0DCAB00CEDE61 /* Resources */ = {
			isa = PBXResourcesBuildPhase;
			buildActionMask = 2147483647;
			files = (
				8197911D1BE0DD6A00CEDE61 /* Overlay.png in Resources */,
				8167F6B51C66E2C300264BD0 /* onpuframe0.png in Resources */,
				812600291BEA1EC2008775F9 /* sample.mp3 in Resources */,
				8167F70E1C6B376400264BD0 /* shareicon.png in Resources */,
				8167F6CE1C66EB9E00264BD0 /* shinki.png in Resources */,
				8108E0531C05D74C00040DBE /* Default-736h@3x.png in Resources */,
				8133CF961C60B911000A0AC9 /* share.png in Resources */,
				812DD3B51C74B49A00EA9EB9 /* Tutorial1.png in Resources */,
				812DD3B81C74B49A00EA9EB9 /* Tutorial4.png in Resources */,
				8167F67D1C61976800264BD0 /* making.png in Resources */,
				812DD3B41C74B49A00EA9EB9 /* Tutorial0.png in Resources */,
				8167F6EA1C67289E00264BD0 /* onpu5.png in Resources */,
				819791161BE0DD6A00CEDE61 /* ELCAlbumPickerController.xib in Resources */,
				819791171BE0DD6A00CEDE61 /* ELCAssetPicker.xib in Resources */,
				812DD39D1C7086FE00EA9EB9 /* menuscreen.png in Resources */,
				8167F6C71C66E3ED00264BD0 /* onpuframe4.png in Resources */,
				8167F6E01C6726A900264BD0 /* start.png in Resources */,
				8133CF8A1C5DED82000A0AC9 /* icon.png in Resources */,
				8167F6791C61962800264BD0 /* transition.png in Resources */,
				81E40B431C46565C00804108 /* sampleP1.mp3 in Resources */,
				8167F6C61C66E3ED00264BD0 /* onpuframe3.png in Resources */,
				8167F6F11C6728C500264BD0 /* onpu2.png in Resources */,
				812DD3C01C774BEF00EA9EB9 /* newbutton.png in Resources */,
				8167F6C81C66E3ED00264BD0 /* onpuframe5.png in Resources */,
				8108E0521C05D74C00040DBE /* Default-667h@2x.png in Resources */,
				8167F7081C67342900264BD0 /* albumscreen.png in Resources */,
				8167F6821C62F20B00264BD0 /* sample2.mp3 in Resources */,
				812DD3B71C74B49A00EA9EB9 /* Tutorial3.png in Resources */,
				813181E11C6183610066D5E0 /* shareicon2.png in Resources */,
				8167F6F21C6728C500264BD0 /* onpu4.png in Resources */,
				812DD3B61C74B49A00EA9EB9 /* Tutorial2.png in Resources */,
				8167F6C91C66E3ED00264BD0 /* onpuframe6.png in Resources */,
				8167F6E91C67289E00264BD0 /* onpu3.png in Resources */,
				81E40B461C4656B500804108 /* sampleO2.mp3 in Resources */,
				812DD3BA1C7720F000EA9EB9 /* Tutorial5.png in Resources */,
				812DD3C21C774BFB00EA9EB9 /* albumbutton.png in Resources */,
				81E40B441C46565C00804108 /* sampleP2.mp3 in Resources */,
				8167F6F01C6728C500264BD0 /* onpu1.png in Resources */,
				813181E21C6183610066D5E0 /* shareicon3.png in Resources */,
				8167F6801C61ADBC00264BD0 /* Main.storyboard in Resources */,
				8167F6CA1C66E3ED00264BD0 /* onpuframe7.png in Resources */,
				819791181BE0DD6A00CEDE61 /* ELCAssetTablePicker.xib in Resources */,
				8133CF8C1C60A836000A0AC9 /* hyoushi.png in Resources */,
				8197911E1BE0DD6A00CEDE61 /* Overlay@2x.png in Resources */,
				81E40B411C46565C00804108 /* sampleO1.mp3 in Resources */,
				8167F6C51C66E3ED00264BD0 /* onpuframe2.png in Resources */,
				8167F6EB1C67289E00264BD0 /* onpu6.png in Resources */,
				819790C21BE0DCAB00CEDE61 /* Images.xcassets in Resources */,
				8167F6D01C66EBA900264BD0 /* seen.png in Resources */,
				813181E31C6183610066D5E0 /* shareicon4.png in Resources */,
				8167F6CC1C66E9E800264BD0 /* mark.png in Resources */,
				8108E0511C05D74C00040DBE /* Default-568h@2x.png in Resources */,
				81E40B421C46565C00804108 /* sampleOk.mp3 in Resources */,
				8133CF801C4F9D3B000A0AC9 /* otonashi.mp3 in Resources */,
				8167F6E81C67289E00264BD0 /* onpu0.png in Resources */,
				8167F6C41C66E3ED00264BD0 /* onpuframe1.png in Resources */,
				8167F6EC1C67289E00264BD0 /* onpu7.png in Resources */,
			);
			runOnlyForDeploymentPostprocessing = 0;
		};
		819790C81BE0DCAC00CEDE61 /* Resources */ = {
			isa = PBXResourcesBuildPhase;
			buildActionMask = 2147483647;
			files = (
			);
			runOnlyForDeploymentPostprocessing = 0;
		};
/* End PBXResourcesBuildPhase section */

/* Begin PBXShellScriptBuildPhase section */
		2280395B41090F18C073B72C /* Check Pods Manifest.lock */ = {
			isa = PBXShellScriptBuildPhase;
			buildActionMask = 2147483647;
			files = (
			);
			inputPaths = (
			);
			name = "Check Pods Manifest.lock";
			outputPaths = (
			);
			runOnlyForDeploymentPostprocessing = 0;
			shellPath = /bin/sh;
			shellScript = "diff \"${PODS_ROOT}/../Podfile.lock\" \"${PODS_ROOT}/Manifest.lock\" > /dev/null\nif [[ $? != 0 ]] ; then\n    cat << EOM\nerror: The sandbox is not in sync with the Podfile.lock. Run 'pod install' or update your CocoaPods installation.\nEOM\n    exit 1\nfi\n";
			showEnvVarsInLog = 0;
		};
		CB552AF178091CAD3ED10719 /* Copy Pods Resources */ = {
			isa = PBXShellScriptBuildPhase;
			buildActionMask = 2147483647;
			files = (
			);
			inputPaths = (
			);
			name = "Copy Pods Resources";
			outputPaths = (
			);
			runOnlyForDeploymentPostprocessing = 0;
			shellPath = /bin/sh;
			shellScript = "\"${SRCROOT}/Pods/Target Support Files/Pods-Touch_Album_1028/Pods-Touch_Album_1028-resources.sh\"\n";
			showEnvVarsInLog = 0;
		};
		D566B48FF703CF2D9AFEC632 /* Embed Pods Frameworks */ = {
			isa = PBXShellScriptBuildPhase;
			buildActionMask = 2147483647;
			files = (
			);
			inputPaths = (
			);
			name = "Embed Pods Frameworks";
			outputPaths = (
			);
			runOnlyForDeploymentPostprocessing = 0;
			shellPath = /bin/sh;
			shellScript = "\"${SRCROOT}/Pods/Target Support Files/Pods-Touch_Album_1028/Pods-Touch_Album_1028-frameworks.sh\"\n";
			showEnvVarsInLog = 0;
		};
/* End PBXShellScriptBuildPhase section */

/* Begin PBXSourcesBuildPhase section */
		819790AA1BE0DCAB00CEDE61 /* Sources */ = {
			isa = PBXSourcesBuildPhase;
			buildActionMask = 2147483647;
			files = (
				819791191BE0DD6A00CEDE61 /* Next2ViewController.m in Sources */,
				819790E71BE0DD5D00CEDE61 /* AddPostViewController.m in Sources */,
				81A288E71C2F699600666886 /* MBProgressHUD.m in Sources */,
				819791101BE0DD6A00CEDE61 /* ELCAsset.m in Sources */,
				819790EA1BE0DD5D00CEDE61 /* ASScreenRecorder.m in Sources */,
				8197911B1BE0DD6A00CEDE61 /* Next4ViewController.m in Sources */,
				8197911A1BE0DD6A00CEDE61 /* Next3ViewController.m in Sources */,
				819791281BE0DD7800CEDE61 /* TemplateViewController.m in Sources */,
				819790E81BE0DD5D00CEDE61 /* AnimationViewController.m in Sources */,
				8167F7111C6B49C800264BD0 /* SocialVideoHelper.m in Sources */,
				819791111BE0DD6A00CEDE61 /* ELCAssetCell.m in Sources */,
				8197910E1BE0DD6A00CEDE61 /* CheckViewController.m in Sources */,
				81CD90671C2A8FB40038A565 /* DMMovieMaker.m in Sources */,
				819790E91BE0DD5D00CEDE61 /* AppDelegate.m in Sources */,
				819791271BE0DD7800CEDE61 /* TemplateView.m in Sources */,
				819791121BE0DD6A00CEDE61 /* ELCAssetTablePicker.m in Sources */,
				8133CF861C4FA9B6000A0AC9 /* ShareMovieViewController.m in Sources */,
				819791131BE0DD6A00CEDE61 /* ELCConsole.m in Sources */,
				819791141BE0DD6A00CEDE61 /* ELCImagePickerController.m in Sources */,
				819791151BE0DD6A00CEDE61 /* ELCOverlayImageView.m in Sources */,
				812DD3991C7023DA00EA9EB9 /* AlbumViewController.m in Sources */,
				8197912B1BE0DD8400CEDE61 /* ViewController.m in Sources */,
				8197910F1BE0DD6A00CEDE61 /* ELCAlbumPickerController.m in Sources */,
				812600171BEA169D008775F9 /* DMSideScrollView.m in Sources */,
				81E40B481C46578B00804108 /* main.m in Sources */,
				8197911C1BE0DD6A00CEDE61 /* NextViewController.m in Sources */,
			);
			runOnlyForDeploymentPostprocessing = 0;
		};
		819790C61BE0DCAC00CEDE61 /* Sources */ = {
			isa = PBXSourcesBuildPhase;
			buildActionMask = 2147483647;
			files = (
				819790D11BE0DCAC00CEDE61 /* Touch_Album_1028Tests.m in Sources */,
			);
			runOnlyForDeploymentPostprocessing = 0;
		};
/* End PBXSourcesBuildPhase section */

/* Begin PBXTargetDependency section */
		819790CC1BE0DCAC00CEDE61 /* PBXTargetDependency */ = {
			isa = PBXTargetDependency;
			target = 819790AD1BE0DCAB00CEDE61 /* Touch_Album_1028 */;
			targetProxy = 819790CB1BE0DCAC00CEDE61 /* PBXContainerItemProxy */;
		};
/* End PBXTargetDependency section */

/* Begin PBXVariantGroup section */
		8167F67E1C61ADBC00264BD0 /* Main.storyboard */ = {
			isa = PBXVariantGroup;
			children = (
				8167F67F1C61ADBC00264BD0 /* Base */,
			);
			name = Main.storyboard;
			path = .;
			sourceTree = "<group>";
		};
/* End PBXVariantGroup section */

/* Begin XCBuildConfiguration section */
		819790D21BE0DCAC00CEDE61 /* Debug */ = {
			isa = XCBuildConfiguration;
			buildSettings = {
				ALWAYS_SEARCH_USER_PATHS = NO;
				CLANG_CXX_LANGUAGE_STANDARD = "gnu++0x";
				CLANG_CXX_LIBRARY = "libc++";
				CLANG_ENABLE_MODULES = YES;
				CLANG_ENABLE_OBJC_ARC = YES;
				CLANG_WARN_BOOL_CONVERSION = YES;
				CLANG_WARN_CONSTANT_CONVERSION = YES;
				CLANG_WARN_DIRECT_OBJC_ISA_USAGE = YES_ERROR;
				CLANG_WARN_EMPTY_BODY = YES;
				CLANG_WARN_ENUM_CONVERSION = YES;
				CLANG_WARN_INT_CONVERSION = YES;
				CLANG_WARN_OBJC_ROOT_CLASS = YES_ERROR;
				CLANG_WARN_UNREACHABLE_CODE = YES;
				CLANG_WARN__DUPLICATE_METHOD_MATCH = YES;
				"CODE_SIGN_IDENTITY[sdk=iphoneos*]" = "iPhone Developer";
				COPY_PHASE_STRIP = NO;
				DEBUG_INFORMATION_FORMAT = "dwarf-with-dsym";
				ENABLE_STRICT_OBJC_MSGSEND = YES;
				GCC_C_LANGUAGE_STANDARD = gnu99;
				GCC_DYNAMIC_NO_PIC = NO;
				GCC_NO_COMMON_BLOCKS = YES;
				GCC_OPTIMIZATION_LEVEL = 0;
				GCC_PREPROCESSOR_DEFINITIONS = (
					"DEBUG=1",
					"$(inherited)",
				);
				GCC_SYMBOLS_PRIVATE_EXTERN = NO;
				GCC_WARN_64_TO_32_BIT_CONVERSION = YES;
				GCC_WARN_ABOUT_RETURN_TYPE = YES_ERROR;
				GCC_WARN_UNDECLARED_SELECTOR = YES;
				GCC_WARN_UNINITIALIZED_AUTOS = YES_AGGRESSIVE;
				GCC_WARN_UNUSED_FUNCTION = YES;
				GCC_WARN_UNUSED_VARIABLE = YES;
				IPHONEOS_DEPLOYMENT_TARGET = 9.0;
				MTL_ENABLE_DEBUG_INFO = YES;
				ONLY_ACTIVE_ARCH = YES;
				SDKROOT = iphoneos;
			};
			name = Debug;
		};
		819790D31BE0DCAC00CEDE61 /* Release */ = {
			isa = XCBuildConfiguration;
			buildSettings = {
				ALWAYS_SEARCH_USER_PATHS = NO;
				CLANG_CXX_LANGUAGE_STANDARD = "gnu++0x";
				CLANG_CXX_LIBRARY = "libc++";
				CLANG_ENABLE_MODULES = YES;
				CLANG_ENABLE_OBJC_ARC = YES;
				CLANG_WARN_BOOL_CONVERSION = YES;
				CLANG_WARN_CONSTANT_CONVERSION = YES;
				CLANG_WARN_DIRECT_OBJC_ISA_USAGE = YES_ERROR;
				CLANG_WARN_EMPTY_BODY = YES;
				CLANG_WARN_ENUM_CONVERSION = YES;
				CLANG_WARN_INT_CONVERSION = YES;
				CLANG_WARN_OBJC_ROOT_CLASS = YES_ERROR;
				CLANG_WARN_UNREACHABLE_CODE = YES;
				CLANG_WARN__DUPLICATE_METHOD_MATCH = YES;
				"CODE_SIGN_IDENTITY[sdk=iphoneos*]" = "iPhone Developer";
				COPY_PHASE_STRIP = NO;
				DEBUG_INFORMATION_FORMAT = "dwarf-with-dsym";
				ENABLE_NS_ASSERTIONS = NO;
				ENABLE_STRICT_OBJC_MSGSEND = YES;
				GCC_C_LANGUAGE_STANDARD = gnu99;
				GCC_NO_COMMON_BLOCKS = YES;
				GCC_WARN_64_TO_32_BIT_CONVERSION = YES;
				GCC_WARN_ABOUT_RETURN_TYPE = YES_ERROR;
				GCC_WARN_UNDECLARED_SELECTOR = YES;
				GCC_WARN_UNINITIALIZED_AUTOS = YES_AGGRESSIVE;
				GCC_WARN_UNUSED_FUNCTION = YES;
				GCC_WARN_UNUSED_VARIABLE = YES;
				IPHONEOS_DEPLOYMENT_TARGET = 9.0;
				MTL_ENABLE_DEBUG_INFO = NO;
				SDKROOT = iphoneos;
				VALIDATE_PRODUCT = YES;
			};
			name = Release;
		};
		819790D51BE0DCAC00CEDE61 /* Debug */ = {
			isa = XCBuildConfiguration;
			baseConfigurationReference = C418EF732EB9C7524722E337 /* Pods-Touch_Album_1028.debug.xcconfig */;
			buildSettings = {
				ASSETCATALOG_COMPILER_APPICON_NAME = AppIcon;
				INFOPLIST_FILE = "Touch_Album_1028/Supporting Files/Info.plist";
				LD_RUNPATH_SEARCH_PATHS = "$(inherited) @executable_path/Frameworks";
				PRODUCT_NAME = "$(TARGET_NAME)";
			};
			name = Debug;
		};
		819790D61BE0DCAC00CEDE61 /* Release */ = {
			isa = XCBuildConfiguration;
			baseConfigurationReference = 75BC08378A40CE022F615FFA /* Pods-Touch_Album_1028.release.xcconfig */;
			buildSettings = {
				ASSETCATALOG_COMPILER_APPICON_NAME = AppIcon;
				INFOPLIST_FILE = "Touch_Album_1028/Supporting Files/Info.plist";
				LD_RUNPATH_SEARCH_PATHS = "$(inherited) @executable_path/Frameworks";
				PRODUCT_NAME = "$(TARGET_NAME)";
			};
			name = Release;
		};
		819790D81BE0DCAC00CEDE61 /* Debug */ = {
			isa = XCBuildConfiguration;
			buildSettings = {
				BUNDLE_LOADER = "$(TEST_HOST)";
				FRAMEWORK_SEARCH_PATHS = (
					"$(SDKROOT)/Developer/Library/Frameworks",
					"$(inherited)",
				);
				GCC_PREPROCESSOR_DEFINITIONS = (
					"DEBUG=1",
					"$(inherited)",
				);
				INFOPLIST_FILE = "Touch_Album_1028Tests/Supporting Files/Info.plist";
				LD_RUNPATH_SEARCH_PATHS = "$(inherited) @executable_path/Frameworks @loader_path/Frameworks";
				PRODUCT_NAME = "$(TARGET_NAME)";
				TEST_HOST = "$(BUILT_PRODUCTS_DIR)/Touch_Album_1028.app/Touch_Album_1028";
			};
			name = Debug;
		};
		819790D91BE0DCAC00CEDE61 /* Release */ = {
			isa = XCBuildConfiguration;
			buildSettings = {
				BUNDLE_LOADER = "$(TEST_HOST)";
				FRAMEWORK_SEARCH_PATHS = (
					"$(SDKROOT)/Developer/Library/Frameworks",
					"$(inherited)",
				);
				INFOPLIST_FILE = "Touch_Album_1028Tests/Supporting Files/Info.plist";
				LD_RUNPATH_SEARCH_PATHS = "$(inherited) @executable_path/Frameworks @loader_path/Frameworks";
				PRODUCT_NAME = "$(TARGET_NAME)";
				TEST_HOST = "$(BUILT_PRODUCTS_DIR)/Touch_Album_1028.app/Touch_Album_1028";
			};
			name = Release;
		};
/* End XCBuildConfiguration section */

/* Begin XCConfigurationList section */
		819790A91BE0DCAB00CEDE61 /* Build configuration list for PBXProject "Touch_Album_1028" */ = {
			isa = XCConfigurationList;
			buildConfigurations = (
				819790D21BE0DCAC00CEDE61 /* Debug */,
				819790D31BE0DCAC00CEDE61 /* Release */,
			);
			defaultConfigurationIsVisible = 0;
			defaultConfigurationName = Release;
		};
		819790D41BE0DCAC00CEDE61 /* Build configuration list for PBXNativeTarget "Touch_Album_1028" */ = {
			isa = XCConfigurationList;
			buildConfigurations = (
				819790D51BE0DCAC00CEDE61 /* Debug */,
				819790D61BE0DCAC00CEDE61 /* Release */,
			);
			defaultConfigurationIsVisible = 0;
			defaultConfigurationName = Release;
		};
		819790D71BE0DCAC00CEDE61 /* Build configuration list for PBXNativeTarget "Touch_Album_1028Tests" */ = {
			isa = XCConfigurationList;
			buildConfigurations = (
				819790D81BE0DCAC00CEDE61 /* Debug */,
				819790D91BE0DCAC00CEDE61 /* Release */,
			);
			defaultConfigurationIsVisible = 0;
			defaultConfigurationName = Release;
		};
/* End XCConfigurationList section */
	};
	rootObject = 819790A61BE0DCAB00CEDE61 /* Project object */;
}
